
Microsoft Visual Studio Solution File, Format Version 12.00
# Visual Studio 15
Project("{FAE04EC0-301F-11D3-BF4B-00C04F79EFBC}") = "PlatformerInstruction", "Assembly-CSharp.csproj", "{C6EBC6AD-7C87-BF48-5602-9D5D304D89A0}"
EndProject
Global
	GlobalSection(SolutionConfigurationPlatforms) = preSolution
		Debug|Any CPU = Debug|Any CPU
		Release|Any CPU = Release|Any CPU
	EndGlobalSection
	GlobalSection(ProjectConfigurationPlatforms) = postSolution
		{C6EBC6AD-7C87-BF48-5602-9D5D304D89A0}.Debug|Any CPU.ActiveCfg = Debug|Any CPU
		{C6EBC6AD-7C87-BF48-5602-9D5D304D89A0}.Debug|Any CPU.Build.0 = Debug|Any CPU
		{C6EBC6AD-7C87-BF48-5602-9D5D304D89A0}.Release|Any CPU.ActiveCfg = Release|Any CPU
		{C6EBC6AD-7C87-BF48-5602-9D5D304D89A0}.Release|Any CPU.Build.0 = Release|Any CPU
	EndGlobalSection
	GlobalSection(SolutionProperties) = preSolution
		HideSolutionNode = FALSE
	EndGlobalSection
EndGlobal
